
Microsoft Visual Studio Solution File, Format Version 12.00
# Visual Studio 2013
VisualStudioVersion = 12.0.31101.0
MinimumVisualStudioVersion = 10.0.40219.1
Project("{2150E333-8FDC-42A3-9474-1A3956D46DE8}") = "Solution Items", "Solution Items", "{3FE36B56-1468-491D-873C-EF8E030524D0}"
	ProjectSection(SolutionItems) = preProject
		favicon.ico = favicon.ico
		index.html = index.html
	EndProjectSection
EndProject
Project("{2150E333-8FDC-42A3-9474-1A3956D46DE8}") = "fonts", "fonts", "{E4804418-3C14-4426-A096-AE6E9EF38D74}"
	ProjectSection(SolutionItems) = preProject
		fonts\dalelands_uncial.otf = fonts\dalelands_uncial.otf
	EndProjectSection
EndProject
Project("{2150E333-8FDC-42A3-9474-1A3956D46DE8}") = "images", "images", "{8DFB6839-B1DA-49E8-B002-8327FBA0258F}"
	ProjectSection(SolutionItems) = preProject
		images\dropdown.gif = images\dropdown.gif
		images\short_logo.png = images\short_logo.png
	EndProjectSection
EndProject
Project("{2150E333-8FDC-42A3-9474-1A3956D46DE8}") = "styles", "styles", "{790B475E-B2BE-4743-9187-FD110D12A73C}"
EndProject
Project("{2150E333-8FDC-42A3-9474-1A3956D46DE8}") = "scripts", "scripts", "{5E9098ED-50DB-4DBB-A984-1E1D56829717}"
EndProject
Project("{2150E333-8FDC-42A3-9474-1A3956D46DE8}") = "app", "app", "{1C095B3E-0A5D-4BA4-8EE2-ACB2AEB55405}"
	ProjectSection(SolutionItems) = preProject
		scripts\app\app.js = scripts\app\app.js
		scripts\app\common.js = scripts\app\common.js
	EndProjectSection
EndProject
Project("{2150E333-8FDC-42A3-9474-1A3956D46DE8}") = "componentDirectives", "componentDirectives", "{988FB4AC-070B-4BA1-A3E9-104D355D97FF}"
	ProjectSection(SolutionItems) = preProject
		scripts\app\componentDirectives\portraitDirective.js = scripts\app\componentDirectives\portraitDirective.js
	EndProjectSection
EndProject
Project("{2150E333-8FDC-42A3-9474-1A3956D46DE8}") = "controllers", "controllers", "{CC409A54-2C16-4445-BBF6-448D89304808}"
	ProjectSection(SolutionItems) = preProject
		scripts\app\controllers\appController.js = scripts\app\controllers\appController.js
		scripts\app\controllers\armorController.js = scripts\app\controllers\armorController.js
		scripts\app\controllers\characterController.js = scripts\app\controllers\characterController.js
		scripts\app\controllers\inventoryController.js = scripts\app\controllers\inventoryController.js
		scripts\app\controllers\languagesController.js = scripts\app\controllers\languagesController.js
		scripts\app\controllers\playerController.js = scripts\app\controllers\playerController.js
		scripts\app\controllers\skillsController.js = scripts\app\controllers\skillsController.js
		scripts\app\controllers\statsController.js = scripts\app\controllers\statsController.js
		scripts\app\controllers\traitsController.js = scripts\app\controllers\traitsController.js
		scripts\app\controllers\weaponController.js = scripts\app\controllers\weaponController.js
	EndProjectSection
EndProject
Project("{2150E333-8FDC-42A3-9474-1A3956D46DE8}") = "dictionaries", "dictionaries", "{AFFD884D-D56F-4070-9DF4-250FEFFD04D3}"
	ProjectSection(SolutionItems) = preProject
		scripts\app\dictionaries\classProvider.js = scripts\app\dictionaries\classProvider.js
		scripts\app\dictionaries\languagesProvider.js = scripts\app\dictionaries\languagesProvider.js
		scripts\app\dictionaries\raceProvider.js = scripts\app\dictionaries\raceProvider.js
	EndProjectSection
EndProject
Project("{2150E333-8FDC-42A3-9474-1A3956D46DE8}") = "directives", "directives", "{302E8C5D-0E5E-4E57-97A5-7FBE59A35A9B}"
	ProjectSection(SolutionItems) = preProject
		scripts\app\directives\cloakFieldDirective.js = scripts\app\directives\cloakFieldDirective.js
		scripts\app\directives\containerDirective.js = scripts\app\directives\containerDirective.js
	EndProjectSection
EndProject
Project("{2150E333-8FDC-42A3-9474-1A3956D46DE8}") = "models", "models", "{8D5D962B-3996-4D4C-ADFB-DBE290D2AD8B}"
	ProjectSection(SolutionItems) = preProject
		scripts\app\models\armorModel.js = scripts\app\models\armorModel.js
		scripts\app\models\characterModel.js = scripts\app\models\characterModel.js
		scripts\app\models\inventoryModel.js = scripts\app\models\inventoryModel.js
		scripts\app\models\languagesModel.js = scripts\app\models\languagesModel.js
		scripts\app\models\playerModel.js = scripts\app\models\playerModel.js
		scripts\app\models\skillsModel.js = scripts\app\models\skillsModel.js
		scripts\app\models\statsModel.js = scripts\app\models\statsModel.js
		scripts\app\models\traitsModel.js = scripts\app\models\traitsModel.js
		scripts\app\models\weaponModel.js = scripts\app\models\weaponModel.js
	EndProjectSection
EndProject
Project("{2150E333-8FDC-42A3-9474-1A3956D46DE8}") = "libs", "libs", "{9C1C800E-EB65-41CF-8369-ED3BC27C33FB}"
	ProjectSection(SolutionItems) = preProject
		scripts\libs\acute.select.modified.js = scripts\libs\acute.select.modified.js
		scripts\libs\angular.min.js = scripts\libs\angular.min.js
		scripts\libs\ngDraggable.modified.js = scripts\libs\ngDraggable.modified.js
	EndProjectSection
EndProject
Project("{2150E333-8FDC-42A3-9474-1A3956D46DE8}") = "tests", "tests", "{B8AD5025-473B-473F-BEFB-2CDAF3930A55}"
	ProjectSection(SolutionItems) = preProject
		scripts\tests\SpecRunner.html = scripts\tests\SpecRunner.html
	EndProjectSection
EndProject
Project("{2150E333-8FDC-42A3-9474-1A3956D46DE8}") = "spec", "spec", "{04332D82-9E23-42F8-80C4-4512E97A6117}"
	ProjectSection(SolutionItems) = preProject
		scripts\tests\spec\statsCalculatorSpecs.js = scripts\tests\spec\statsCalculatorSpecs.js
	EndProjectSection
EndProject
Project("{2150E333-8FDC-42A3-9474-1A3956D46DE8}") = "lib", "lib", "{A4D43C80-8B83-458A-8C4E-626D6F924CD0}"
	ProjectSection(SolutionItems) = preProject
		scripts\tests\lib\angular-mocks.js = scripts\tests\lib\angular-mocks.js
	EndProjectSection
EndProject
Project("{2150E333-8FDC-42A3-9474-1A3956D46DE8}") = "jasmine-2.3.4", "jasmine-2.3.4", "{CE390E61-137F-4658-852A-1366E77680B4}"
	ProjectSection(SolutionItems) = preProject
		scripts\tests\lib\jasmine-2.3.4\boot.js = scripts\tests\lib\jasmine-2.3.4\boot.js
		scripts\tests\lib\jasmine-2.3.4\console.js = scripts\tests\lib\jasmine-2.3.4\console.js
		scripts\tests\lib\jasmine-2.3.4\jasmine-html.js = scripts\tests\lib\jasmine-2.3.4\jasmine-html.js
		scripts\tests\lib\jasmine-2.3.4\jasmine.css = scripts\tests\lib\jasmine-2.3.4\jasmine.css
		scripts\tests\lib\jasmine-2.3.4\jasmine.js = scripts\tests\lib\jasmine-2.3.4\jasmine.js
		scripts\tests\lib\jasmine-2.3.4\jasmine_favicon.png = scripts\tests\lib\jasmine-2.3.4\jasmine_favicon.png
	EndProjectSection
EndProject
Project("{2150E333-8FDC-42A3-9474-1A3956D46DE8}") = "templates", "templates", "{2C0F9F84-801F-43CD-A570-3050D2A3EEC9}"
	ProjectSection(SolutionItems) = preProject
		templates\menu.html = templates\menu.html
	EndProjectSection
EndProject
Project("{2150E333-8FDC-42A3-9474-1A3956D46DE8}") = "app", "app", "{8AAEFE33-156F-455A-9949-0A16FC9F476D}"
	ProjectSection(SolutionItems) = preProject
		styles\app\app.css = styles\app\app.css
		styles\app\common.css = styles\app\common.css
		styles\app\components.css = styles\app\components.css
		styles\app\menu.css = styles\app\menu.css
	EndProjectSection
EndProject
Project("{2150E333-8FDC-42A3-9474-1A3956D46DE8}") = "components", "components", "{BF7E5925-B8CA-4A70-A6DD-0C17C0CE6DD2}"
	ProjectSection(SolutionItems) = preProject
		styles\app\components\character.css = styles\app\components\character.css
		styles\app\components\initiative.css = styles\app\components\initiative.css
		styles\app\components\languages.css = styles\app\components\languages.css
		styles\app\components\logo.css = styles\app\components\logo.css
		styles\app\components\player.css = styles\app\components\player.css
	EndProjectSection
EndProject
Project("{2150E333-8FDC-42A3-9474-1A3956D46DE8}") = "directives", "directives", "{C742F4BF-1F5C-4D4F-82B1-FC097FB478A7}"
	ProjectSection(SolutionItems) = preProject
		styles\app\directives\cloakField.css = styles\app\directives\cloakField.css
		styles\app\directives\container.css = styles\app\directives\container.css
	EndProjectSection
EndProject
Project("{2150E333-8FDC-42A3-9474-1A3956D46DE8}") = "libs", "libs", "{20FA828B-3232-4E3C-958E-B060B7F3D005}"
	ProjectSection(SolutionItems) = preProject
		styles\libs\acute.select.modified.css = styles\libs\acute.select.modified.css
	EndProjectSection
EndProject
Project("{2150E333-8FDC-42A3-9474-1A3956D46DE8}") = "components", "components", "{BFED86A2-5FE4-4098-B9BB-478BF4731EA4}"
	ProjectSection(SolutionItems) = preProject
		templates\components\armor.html = templates\components\armor.html
		templates\components\armorClass.html = templates\components\armorClass.html
		templates\components\character.html = templates\components\character.html
		templates\components\initiative.html = templates\components\initiative.html
		templates\components\inventory.html = templates\components\inventory.html
		templates\components\languages.html = templates\components\languages.html
		templates\components\logo.html = templates\components\logo.html
		templates\components\player.html = templates\components\player.html
		templates\components\portrait.html = templates\components\portrait.html
		templates\components\potions.html = templates\components\potions.html
		templates\components\proficiency.html = templates\components\proficiency.html
		templates\components\scrolls.html = templates\components\scrolls.html
		templates\components\shield.html = templates\components\shield.html
		templates\components\skills.html = templates\components\skills.html
		templates\components\speed.html = templates\components\speed.html
		templates\components\spells.html = templates\components\spells.html
		templates\components\stats.html = templates\components\stats.html
		templates\components\traits.html = templates\components\traits.html
		templates\components\weapon.html = templates\components\weapon.html
	EndProjectSection
EndProject
Project("{2150E333-8FDC-42A3-9474-1A3956D46DE8}") = "containers", "containers", "{167EA520-1F6D-42A4-BE8C-1F8D8CE4AF8B}"
	ProjectSection(SolutionItems) = preProject
		templates\containers\33p66p.html = templates\containers\33p66p.html
		templates\containers\50p50p.html = templates\containers\50p50p.html
		templates\containers\66p33p.html = templates\containers\66p33p.html
	EndProjectSection
EndProject
Project("{2150E333-8FDC-42A3-9474-1A3956D46DE8}") = "directiveDefinition", "directiveDefinition", "{C5D972BA-4F21-49B2-AABA-FF52A1A5F79D}"
	ProjectSection(SolutionItems) = preProject
		templates\directiveDefinition\portraitComponent.html = templates\directiveDefinition\portraitComponent.html
	EndProjectSection
EndProject
Project("{2150E333-8FDC-42A3-9474-1A3956D46DE8}") = "directives", "directives", "{E0EE3FEC-AB98-4B75-A098-C94F5CE5CA04}"
	ProjectSection(SolutionItems) = preProject
		templates\directives\cloakField.html = templates\directives\cloakField.html
		templates\directives\container.html = templates\directives\container.html
	EndProjectSection
EndProject
Project("{2150E333-8FDC-42A3-9474-1A3956D46DE8}") = "libs", "libs", "{93245FE6-499F-4325-AA4D-327D37319B58}"
	ProjectSection(SolutionItems) = preProject
		templates\libs\acute.select.htm = templates\libs\acute.select.htm
	EndProjectSection
EndProject
Global
	GlobalSection(SolutionProperties) = preSolution
		HideSolutionNode = FALSE
	EndGlobalSection
	GlobalSection(NestedProjects) = preSolution
		{E4804418-3C14-4426-A096-AE6E9EF38D74} = {3FE36B56-1468-491D-873C-EF8E030524D0}
		{8DFB6839-B1DA-49E8-B002-8327FBA0258F} = {3FE36B56-1468-491D-873C-EF8E030524D0}
		{790B475E-B2BE-4743-9187-FD110D12A73C} = {3FE36B56-1468-491D-873C-EF8E030524D0}
		{5E9098ED-50DB-4DBB-A984-1E1D56829717} = {3FE36B56-1468-491D-873C-EF8E030524D0}
		{1C095B3E-0A5D-4BA4-8EE2-ACB2AEB55405} = {5E9098ED-50DB-4DBB-A984-1E1D56829717}
		{988FB4AC-070B-4BA1-A3E9-104D355D97FF} = {1C095B3E-0A5D-4BA4-8EE2-ACB2AEB55405}
		{CC409A54-2C16-4445-BBF6-448D89304808} = {1C095B3E-0A5D-4BA4-8EE2-ACB2AEB55405}
		{AFFD884D-D56F-4070-9DF4-250FEFFD04D3} = {1C095B3E-0A5D-4BA4-8EE2-ACB2AEB55405}
		{302E8C5D-0E5E-4E57-97A5-7FBE59A35A9B} = {1C095B3E-0A5D-4BA4-8EE2-ACB2AEB55405}
		{8D5D962B-3996-4D4C-ADFB-DBE290D2AD8B} = {1C095B3E-0A5D-4BA4-8EE2-ACB2AEB55405}
		{9C1C800E-EB65-41CF-8369-ED3BC27C33FB} = {5E9098ED-50DB-4DBB-A984-1E1D56829717}
		{B8AD5025-473B-473F-BEFB-2CDAF3930A55} = {5E9098ED-50DB-4DBB-A984-1E1D56829717}
		{04332D82-9E23-42F8-80C4-4512E97A6117} = {B8AD5025-473B-473F-BEFB-2CDAF3930A55}
		{A4D43C80-8B83-458A-8C4E-626D6F924CD0} = {B8AD5025-473B-473F-BEFB-2CDAF3930A55}
		{CE390E61-137F-4658-852A-1366E77680B4} = {A4D43C80-8B83-458A-8C4E-626D6F924CD0}
		{2C0F9F84-801F-43CD-A570-3050D2A3EEC9} = {3FE36B56-1468-491D-873C-EF8E030524D0}
		{8AAEFE33-156F-455A-9949-0A16FC9F476D} = {790B475E-B2BE-4743-9187-FD110D12A73C}
		{BF7E5925-B8CA-4A70-A6DD-0C17C0CE6DD2} = {8AAEFE33-156F-455A-9949-0A16FC9F476D}
		{C742F4BF-1F5C-4D4F-82B1-FC097FB478A7} = {8AAEFE33-156F-455A-9949-0A16FC9F476D}
		{20FA828B-3232-4E3C-958E-B060B7F3D005} = {790B475E-B2BE-4743-9187-FD110D12A73C}
		{BFED86A2-5FE4-4098-B9BB-478BF4731EA4} = {2C0F9F84-801F-43CD-A570-3050D2A3EEC9}
		{167EA520-1F6D-42A4-BE8C-1F8D8CE4AF8B} = {2C0F9F84-801F-43CD-A570-3050D2A3EEC9}
		{C5D972BA-4F21-49B2-AABA-FF52A1A5F79D} = {2C0F9F84-801F-43CD-A570-3050D2A3EEC9}
		{E0EE3FEC-AB98-4B75-A098-C94F5CE5CA04} = {2C0F9F84-801F-43CD-A570-3050D2A3EEC9}
		{93245FE6-499F-4325-AA4D-327D37319B58} = {2C0F9F84-801F-43CD-A570-3050D2A3EEC9}
	EndGlobalSection
EndGlobal
